
Microsoft Visual Studio Solution File, Format Version 12.00
# Visual Studio Version 17
VisualStudioVersion = 17.0.32014.148
MinimumVisualStudioVersion = 10.0.40219.1
Project("{FAE04EC0-301F-11D3-BF4B-00C04F79EFBC}") = "WriteLine", "WriteLine.csproj", "{0A4ADDD7-E4ED-4CAF-AB86-A35E547220BB}"
EndProject
Global
	GlobalSection(SolutionConfigurationPlatforms) = preSolution
		Debug|Any CPU = Debug|Any CPU
		Release|Any CPU = Release|Any CPU
	EndGlobalSection
	GlobalSection(ProjectConfigurationPlatforms) = postSolution
		{0A4ADDD7-E4ED-4CAF-AB86-A35E547220BB}.Debug|Any CPU.ActiveCfg = Debug|Any CPU
		{0A4ADDD7-E4ED-4CAF-AB86-A35E547220BB}.Debug|Any CPU.Build.0 = Debug|Any CPU
		{0A4ADDD7-E4ED-4CAF-AB86-A35E547220BB}.Release|Any CPU.ActiveCfg = Release|Any CPU
		{0A4ADDD7-E4ED-4CAF-AB86-A35E547220BB}.Release|Any CPU.Build.0 = Release|Any CPU
	EndGlobalSection
	GlobalSection(SolutionProperties) = preSolution
		HideSolutionNode = FALSE
	EndGlobalSection
	GlobalSection(ExtensibilityGlobals) = postSolution
		SolutionGuid = {6FA2D9AA-6BDF-4DD4-98DF-A6BA923D8BC8}
	EndGlobalSection
EndGlobal
